
Microsoft Visual Studio Solution File, Format Version 12.00
# Visual Studio Version 16
VisualStudioVersion = 16.0.30114.105
MinimumVisualStudioVersion = 10.0.40219.1
Project("{FAE04EC0-301F-11D3-BF4B-00C04F79EFBC}") = "ecdsa", "ecdsa\ecdsa.csproj", "{4B2C8415-1386-415A-894E-BCDCB3F67088}"
EndProject
Project("{FAE04EC0-301F-11D3-BF4B-00C04F79EFBC}") = "ecdsaConsole", "ecdsaconsole\ecdsaConsole.csproj", "{99BF756B-852E-430D-8157-612DB4625551}"
EndProject
Project("{FAE04EC0-301F-11D3-BF4B-00C04F79EFBC}") = "ecdsaWAPI", "ecdsaWAPI\ecdsaWAPI.csproj", "{078AA546-61F4-4596-B53A-A1D73F0C8799}"
EndProject
Global
	GlobalSection(SolutionConfigurationPlatforms) = preSolution
		Debug|Any CPU = Debug|Any CPU
		Debug|x64 = Debug|x64
		Debug|x86 = Debug|x86
		Release|Any CPU = Release|Any CPU
		Release|x64 = Release|x64
		Release|x86 = Release|x86
	EndGlobalSection
	GlobalSection(SolutionProperties) = preSolution
		HideSolutionNode = FALSE
	EndGlobalSection
	GlobalSection(ProjectConfigurationPlatforms) = postSolution
		{4B2C8415-1386-415A-894E-BCDCB3F67088}.Debug|Any CPU.ActiveCfg = Debug|Any CPU
		{4B2C8415-1386-415A-894E-BCDCB3F67088}.Debug|Any CPU.Build.0 = Debug|Any CPU
		{4B2C8415-1386-415A-894E-BCDCB3F67088}.Debug|x64.ActiveCfg = Debug|Any CPU
		{4B2C8415-1386-415A-894E-BCDCB3F67088}.Debug|x64.Build.0 = Debug|Any CPU
		{4B2C8415-1386-415A-894E-BCDCB3F67088}.Debug|x86.ActiveCfg = Debug|Any CPU
		{4B2C8415-1386-415A-894E-BCDCB3F67088}.Debug|x86.Build.0 = Debug|Any CPU
		{4B2C8415-1386-415A-894E-BCDCB3F67088}.Release|Any CPU.ActiveCfg = Release|Any CPU
		{4B2C8415-1386-415A-894E-BCDCB3F67088}.Release|Any CPU.Build.0 = Release|Any CPU
		{4B2C8415-1386-415A-894E-BCDCB3F67088}.Release|x64.ActiveCfg = Release|Any CPU
		{4B2C8415-1386-415A-894E-BCDCB3F67088}.Release|x64.Build.0 = Release|Any CPU
		{4B2C8415-1386-415A-894E-BCDCB3F67088}.Release|x86.ActiveCfg = Release|Any CPU
		{4B2C8415-1386-415A-894E-BCDCB3F67088}.Release|x86.Build.0 = Release|Any CPU
		{99BF756B-852E-430D-8157-612DB4625551}.Debug|Any CPU.ActiveCfg = Debug|Any CPU
		{99BF756B-852E-430D-8157-612DB4625551}.Debug|Any CPU.Build.0 = Debug|Any CPU
		{99BF756B-852E-430D-8157-612DB4625551}.Debug|x64.ActiveCfg = Debug|Any CPU
		{99BF756B-852E-430D-8157-612DB4625551}.Debug|x64.Build.0 = Debug|Any CPU
		{99BF756B-852E-430D-8157-612DB4625551}.Debug|x86.ActiveCfg = Debug|Any CPU
		{99BF756B-852E-430D-8157-612DB4625551}.Debug|x86.Build.0 = Debug|Any CPU
		{99BF756B-852E-430D-8157-612DB4625551}.Release|Any CPU.ActiveCfg = Release|Any CPU
		{99BF756B-852E-430D-8157-612DB4625551}.Release|Any CPU.Build.0 = Release|Any CPU
		{99BF756B-852E-430D-8157-612DB4625551}.Release|x64.ActiveCfg = Release|Any CPU
		{99BF756B-852E-430D-8157-612DB4625551}.Release|x64.Build.0 = Release|Any CPU
		{99BF756B-852E-430D-8157-612DB4625551}.Release|x86.ActiveCfg = Release|Any CPU
		{99BF756B-852E-430D-8157-612DB4625551}.Release|x86.Build.0 = Release|Any CPU
		{078AA546-61F4-4596-B53A-A1D73F0C8799}.Debug|Any CPU.ActiveCfg = Debug|Any CPU
		{078AA546-61F4-4596-B53A-A1D73F0C8799}.Debug|Any CPU.Build.0 = Debug|Any CPU
		{078AA546-61F4-4596-B53A-A1D73F0C8799}.Debug|x64.ActiveCfg = Debug|Any CPU
		{078AA546-61F4-4596-B53A-A1D73F0C8799}.Debug|x64.Build.0 = Debug|Any CPU
		{078AA546-61F4-4596-B53A-A1D73F0C8799}.Debug|x86.ActiveCfg = Debug|Any CPU
		{078AA546-61F4-4596-B53A-A1D73F0C8799}.Debug|x86.Build.0 = Debug|Any CPU
		{078AA546-61F4-4596-B53A-A1D73F0C8799}.Release|Any CPU.ActiveCfg = Release|Any CPU
		{078AA546-61F4-4596-B53A-A1D73F0C8799}.Release|Any CPU.Build.0 = Release|Any CPU
		{078AA546-61F4-4596-B53A-A1D73F0C8799}.Release|x64.ActiveCfg = Release|Any CPU
		{078AA546-61F4-4596-B53A-A1D73F0C8799}.Release|x64.Build.0 = Release|Any CPU
		{078AA546-61F4-4596-B53A-A1D73F0C8799}.Release|x86.ActiveCfg = Release|Any CPU
		{078AA546-61F4-4596-B53A-A1D73F0C8799}.Release|x86.Build.0 = Release|Any CPU
	EndGlobalSection
EndGlobal
